
Microsoft Visual Studio Solution File, Format Version 12.00
# Visual Studio Version 17
VisualStudioVersion = 17.12.35506.116 d17.12
MinimumVisualStudioVersion = 10.0.40219.1
Project("{FAE04EC0-301F-11D3-BF4B-00C04F79EFBC}") = "CapaPresentacion", "CapaPresentacion\CapaPresentacion.csproj", "{E09EA335-519E-402E-A935-5AF60C53F46D}"
EndProject
Project("{FAE04EC0-301F-11D3-BF4B-00C04F79EFBC}") = "CapaLogica", "CapaLogica\CapaLogica.csproj", "{35E00721-FB2B-451F-99D5-FAD19AE2EFFE}"
EndProject
Project("{FAE04EC0-301F-11D3-BF4B-00C04F79EFBC}") = "CapaAccesoADatos", "CapaAccesoADatos\CapaAccesoADatos.csproj", "{173427A6-9D5E-449B-A340-9F0F19CF28A5}"
EndProject
Project("{FAE04EC0-301F-11D3-BF4B-00C04F79EFBC}") = "CapaEntidad", "CapaEntidad\CapaEntidad.csproj", "{C41D4EAC-01A5-46D8-AF95-B11971CD2022}"
EndProject
Global
	GlobalSection(SolutionConfigurationPlatforms) = preSolution
		Debug|Any CPU = Debug|Any CPU
		Release|Any CPU = Release|Any CPU
	EndGlobalSection
	GlobalSection(ProjectConfigurationPlatforms) = postSolution
		{E09EA335-519E-402E-A935-5AF60C53F46D}.Debug|Any CPU.ActiveCfg = Debug|Any CPU
		{E09EA335-519E-402E-A935-5AF60C53F46D}.Debug|Any CPU.Build.0 = Debug|Any CPU
		{E09EA335-519E-402E-A935-5AF60C53F46D}.Release|Any CPU.ActiveCfg = Release|Any CPU
		{E09EA335-519E-402E-A935-5AF60C53F46D}.Release|Any CPU.Build.0 = Release|Any CPU
		{35E00721-FB2B-451F-99D5-FAD19AE2EFFE}.Debug|Any CPU.ActiveCfg = Debug|Any CPU
		{35E00721-FB2B-451F-99D5-FAD19AE2EFFE}.Debug|Any CPU.Build.0 = Debug|Any CPU
		{35E00721-FB2B-451F-99D5-FAD19AE2EFFE}.Release|Any CPU.ActiveCfg = Release|Any CPU
		{35E00721-FB2B-451F-99D5-FAD19AE2EFFE}.Release|Any CPU.Build.0 = Release|Any CPU
		{173427A6-9D5E-449B-A340-9F0F19CF28A5}.Debug|Any CPU.ActiveCfg = Debug|Any CPU
		{173427A6-9D5E-449B-A340-9F0F19CF28A5}.Debug|Any CPU.Build.0 = Debug|Any CPU
		{173427A6-9D5E-449B-A340-9F0F19CF28A5}.Release|Any CPU.ActiveCfg = Release|Any CPU
		{173427A6-9D5E-449B-A340-9F0F19CF28A5}.Release|Any CPU.Build.0 = Release|Any CPU
		{C41D4EAC-01A5-46D8-AF95-B11971CD2022}.Debug|Any CPU.ActiveCfg = Debug|Any CPU
		{C41D4EAC-01A5-46D8-AF95-B11971CD2022}.Debug|Any CPU.Build.0 = Debug|Any CPU
		{C41D4EAC-01A5-46D8-AF95-B11971CD2022}.Release|Any CPU.ActiveCfg = Release|Any CPU
		{C41D4EAC-01A5-46D8-AF95-B11971CD2022}.Release|Any CPU.Build.0 = Release|Any CPU
	EndGlobalSection
	GlobalSection(SolutionProperties) = preSolution
		HideSolutionNode = FALSE
	EndGlobalSection
EndGlobal
